
Microsoft Visual Studio Solution File, Format Version 12.00
# Visual Studio 15
VisualStudioVersion = 15.0.27703.2026
MinimumVisualStudioVersion = 10.0.40219.1
Project("{888888A0-9F3D-457C-B088-3A5042F75D52}") = "python-sc2", "python-sc2.pyproj", "{23C2358D-E06F-4628-AE1E-6CFE980AB822}"
EndProject
Global
	GlobalSection(SolutionConfigurationPlatforms) = preSolution
		Debug|Any CPU = Debug|Any CPU
		Release|Any CPU = Release|Any CPU
	EndGlobalSection
	GlobalSection(ProjectConfigurationPlatforms) = postSolution
		{23C2358D-E06F-4628-AE1E-6CFE980AB822}.Debug|Any CPU.ActiveCfg = Debug|Any CPU
		{23C2358D-E06F-4628-AE1E-6CFE980AB822}.Release|Any CPU.ActiveCfg = Release|Any CPU
	EndGlobalSection
	GlobalSection(SolutionProperties) = preSolution
		HideSolutionNode = FALSE
	EndGlobalSection
	GlobalSection(ExtensibilityGlobals) = postSolution
		SolutionGuid = {6F02B109-D2FF-4A63-974C-71D153FDA00A}
	EndGlobalSection
EndGlobal
